{
  "name": "Webengineering",
  "lockfileVersion": 3,
  "requires": true,
  "packages": {
    "": {
      "dependencies": {
        "@fontsource/norwester": "^5.1.0"
      }
    },
    "node_modules/@fontsource/norwester": {
      "version": "5.1.0",
      "resolved": "https://registry.npmjs.org/@fontsource/norwester/-/norwester-5.1.0.tgz",
      "integrity": "sha512-CP3D0hauyapfUb7P85qWUD7Itlji68JaeU+HT8F72/W2Hde05kMQiSCDhBHYv08NnR7oHH7VrX7x4J9HoBWlXQ==",
      "license": "OFL-1.1"
    }
  }
}
